
Microsoft Visual Studio Solution File, Format Version 12.00
# Visual Studio Version 16
VisualStudioVersion = 16.0.32228.343
MinimumVisualStudioVersion = 10.0.40219.1
Project("{FAE04EC0-301F-11D3-BF4B-00C04F79EFBC}") = "E-Pati", "E-Pati\E-Pati.csproj", "{5F211B79-216F-48F8-91BE-7CB6894D9D9D}"
EndProject
Global
	GlobalSection(SolutionConfigurationPlatforms) = preSolution
		Debug|Any CPU = Debug|Any CPU
		Release|Any CPU = Release|Any CPU
	EndGlobalSection
	GlobalSection(ProjectConfigurationPlatforms) = postSolution
		{5F211B79-216F-48F8-91BE-7CB6894D9D9D}.Debug|Any CPU.ActiveCfg = Debug|Any CPU
		{5F211B79-216F-48F8-91BE-7CB6894D9D9D}.Debug|Any CPU.Build.0 = Debug|Any CPU
		{5F211B79-216F-48F8-91BE-7CB6894D9D9D}.Release|Any CPU.ActiveCfg = Release|Any CPU
		{5F211B79-216F-48F8-91BE-7CB6894D9D9D}.Release|Any CPU.Build.0 = Release|Any CPU
	EndGlobalSection
	GlobalSection(SolutionProperties) = preSolution
		HideSolutionNode = FALSE
	EndGlobalSection
	GlobalSection(ExtensibilityGlobals) = postSolution
		SolutionGuid = {17537315-E928-4401-A71F-460D27B7D4C5}
	EndGlobalSection
EndGlobal
